
Microsoft Visual Studio Solution File, Format Version 12.00
# Visual Studio Version 17
VisualStudioVersion = 17.9.34728.123
MinimumVisualStudioVersion = 10.0.40219.1
Project("{FAE04EC0-301F-11D3-BF4B-00C04F79EFBC}") = "prjCarro", "prjCarro\prjCarro.csproj", "{4EC481B9-D4FB-490B-A39C-A6E1B43EB4B5}"
EndProject
Global
	GlobalSection(SolutionConfigurationPlatforms) = preSolution
		Debug|Any CPU = Debug|Any CPU
		Release|Any CPU = Release|Any CPU
	EndGlobalSection
	GlobalSection(ProjectConfigurationPlatforms) = postSolution
		{4EC481B9-D4FB-490B-A39C-A6E1B43EB4B5}.Debug|Any CPU.ActiveCfg = Debug|Any CPU
		{4EC481B9-D4FB-490B-A39C-A6E1B43EB4B5}.Debug|Any CPU.Build.0 = Debug|Any CPU
		{4EC481B9-D4FB-490B-A39C-A6E1B43EB4B5}.Release|Any CPU.ActiveCfg = Release|Any CPU
		{4EC481B9-D4FB-490B-A39C-A6E1B43EB4B5}.Release|Any CPU.Build.0 = Release|Any CPU
	EndGlobalSection
	GlobalSection(SolutionProperties) = preSolution
		HideSolutionNode = FALSE
	EndGlobalSection
	GlobalSection(ExtensibilityGlobals) = postSolution
		SolutionGuid = {5122086F-2F40-4CC2-A407-8182338CAB54}
	EndGlobalSection
EndGlobal
