
Microsoft Visual Studio Solution File, Format Version 12.00
# Visual Studio Version 17
VisualStudioVersion = 17.9.34728.123
MinimumVisualStudioVersion = 10.0.40219.1
Project("{FAE04EC0-301F-11D3-BF4B-00C04F79EFBC}") = "prjCliente", "prjCliente.csproj", "{5283F1A6-F796-4C55-85A1-ACA67F510B68}"
EndProject
Global
	GlobalSection(SolutionConfigurationPlatforms) = preSolution
		Debug|Any CPU = Debug|Any CPU
		Release|Any CPU = Release|Any CPU
	EndGlobalSection
	GlobalSection(ProjectConfigurationPlatforms) = postSolution
		{5283F1A6-F796-4C55-85A1-ACA67F510B68}.Debug|Any CPU.ActiveCfg = Debug|Any CPU
		{5283F1A6-F796-4C55-85A1-ACA67F510B68}.Debug|Any CPU.Build.0 = Debug|Any CPU
		{5283F1A6-F796-4C55-85A1-ACA67F510B68}.Release|Any CPU.ActiveCfg = Release|Any CPU
		{5283F1A6-F796-4C55-85A1-ACA67F510B68}.Release|Any CPU.Build.0 = Release|Any CPU
	EndGlobalSection
	GlobalSection(SolutionProperties) = preSolution
		HideSolutionNode = FALSE
	EndGlobalSection
	GlobalSection(ExtensibilityGlobals) = postSolution
		SolutionGuid = {3EF8D676-A258-4EF0-B226-965B3BE47B74}
	EndGlobalSection
EndGlobal
