
Microsoft Visual Studio Solution File, Format Version 12.00
# Visual Studio Version 17
VisualStudioVersion = 17.14.36121.58
MinimumVisualStudioVersion = 10.0.40219.1
Project("{FAE04EC0-301F-11D3-BF4B-00C04F79EFBC}") = "darkMode", "darkMode.csproj", "{FBC8AA6B-9023-4504-AEA6-4A19E1F288C0}"
EndProject
Global
	GlobalSection(SolutionConfigurationPlatforms) = preSolution
		Debug|Any CPU = Debug|Any CPU
		Release|Any CPU = Release|Any CPU
	EndGlobalSection
	GlobalSection(ProjectConfigurationPlatforms) = postSolution
		{FBC8AA6B-9023-4504-AEA6-4A19E1F288C0}.Debug|Any CPU.ActiveCfg = Debug|Any CPU
		{FBC8AA6B-9023-4504-AEA6-4A19E1F288C0}.Debug|Any CPU.Build.0 = Debug|Any CPU
		{FBC8AA6B-9023-4504-AEA6-4A19E1F288C0}.Release|Any CPU.ActiveCfg = Release|Any CPU
		{FBC8AA6B-9023-4504-AEA6-4A19E1F288C0}.Release|Any CPU.Build.0 = Release|Any CPU
	EndGlobalSection
	GlobalSection(SolutionProperties) = preSolution
		HideSolutionNode = FALSE
	EndGlobalSection
	GlobalSection(ExtensibilityGlobals) = postSolution
		SolutionGuid = {7512CBB3-1B41-4B00-9283-F896459071FF}
	EndGlobalSection
EndGlobal
